// !$*UTF8*$!
{
	archiveVersion = 1;
	classes = {
	};
	objectVersion = 60;
	objects = {

/* Begin PBXBuildFile section */
		13253F712C4771DF004E16C9 /* math_utils.cpp in Sources */ = {isa = PBXBuildFile; fileRef = 13253F702C4771DF004E16C9 /* math_utils.cpp */; };
		134970832C406BE800D2CA14 /* main.cpp in Sources */ = {isa = PBXBuildFile; fileRef = 134970822C406BE800D2CA14 /* main.cpp */; };
		13CDF9B12C49A36E00FF5311 /* math_tests.cpp in Sources */ = {isa = PBXBuildFile; fileRef = 13CDF9B02C49A36E00FF5311 /* math_tests.cpp */; };
		13E26EB52C44DB0D00D1664A /* math_functions.cpp in Sources */ = {isa = PBXBuildFile; fileRef = 13E26EB42C44DB0D00D1664A /* math_functions.cpp */; };
		13E26EB72C44DB8900D1664A /* utility_functions.cpp in Sources */ = {isa = PBXBuildFile; fileRef = 13E26EB62C44DB8900D1664A /* utility_functions.cpp */; };
		13E26EC12C44EFB600D1664A /* utility_functions.hpp in Sources */ = {isa = PBXBuildFile; fileRef = 13E26EC02C44EFB600D1664A /* utility_functions.hpp */; };
		13E26EC22C44EFB600D1664A /* math_functions.hpp in Sources */ = {isa = PBXBuildFile; fileRef = 13E26EBF2C44EFB600D1664A /* math_functions.hpp */; };
/* End PBXBuildFile section */

/* Begin PBXCopyFilesBuildPhase section */
		1349707D2C406BE800D2CA14 /* CopyFiles */ = {
			isa = PBXCopyFilesBuildPhase;
			buildActionMask = 2147483647;
			dstPath = /usr/share/man/man1/;
			dstSubfolderSpec = 0;
			files = (
			);
			runOnlyForDeploymentPostprocessing = 1;
		};
/* End PBXCopyFilesBuildPhase section */

/* Begin PBXFileReference section */
		13253F6F2C4771DF004E16C9 /* math_utils.hpp */ = {isa = PBXFileReference; lastKnownFileType = sourcecode.cpp.h; path = math_utils.hpp; sourceTree = "<group>"; };
		13253F702C4771DF004E16C9 /* math_utils.cpp */ = {isa = PBXFileReference; lastKnownFileType = sourcecode.cpp.cpp; path = math_utils.cpp; sourceTree = "<group>"; };
		1349707F2C406BE800D2CA14 /* Whoah-Debug */ = {isa = PBXFileReference; explicitFileType = "compiled.mach-o.executable"; includeInIndex = 0; path = "Whoah-Debug"; sourceTree = BUILT_PRODUCTS_DIR; };
		134970822C406BE800D2CA14 /* main.cpp */ = {isa = PBXFileReference; lastKnownFileType = sourcecode.cpp.cpp; path = main.cpp; sourceTree = "<group>"; };
		13CDF9AF2C49A36E00FF5311 /* math_tests.hpp */ = {isa = PBXFileReference; lastKnownFileType = sourcecode.cpp.h; path = math_tests.hpp; sourceTree = "<group>"; };
		13CDF9B02C49A36E00FF5311 /* math_tests.cpp */ = {isa = PBXFileReference; lastKnownFileType = sourcecode.cpp.cpp; path = math_tests.cpp; sourceTree = "<group>"; };
		13E26EB42C44DB0D00D1664A /* math_functions.cpp */ = {isa = PBXFileReference; lastKnownFileType = sourcecode.cpp.cpp; path = math_functions.cpp; sourceTree = "<group>"; };
		13E26EB62C44DB8900D1664A /* utility_functions.cpp */ = {isa = PBXFileReference; lastKnownFileType = sourcecode.cpp.cpp; path = utility_functions.cpp; sourceTree = "<group>"; };
		13E26EBE2C44EFB600D1664A /* main.hpp */ = {isa = PBXFileReference; lastKnownFileType = sourcecode.cpp.h; path = main.hpp; sourceTree = "<group>"; };
		13E26EBF2C44EFB600D1664A /* math_functions.hpp */ = {isa = PBXFileReference; lastKnownFileType = sourcecode.cpp.h; path = math_functions.hpp; sourceTree = "<group>"; };
		13E26EC02C44EFB600D1664A /* utility_functions.hpp */ = {isa = PBXFileReference; lastKnownFileType = sourcecode.cpp.h; path = utility_functions.hpp; sourceTree = "<group>"; };
/* End PBXFileReference section */

/* Begin PBXFrameworksBuildPhase section */
		1349707C2C406BE800D2CA14 /* Frameworks */ = {
			isa = PBXFrameworksBuildPhase;
			buildActionMask = 2147483647;
			files = (
			);
			runOnlyForDeploymentPostprocessing = 0;
		};
/* End PBXFrameworksBuildPhase section */

/* Begin PBXGroup section */
		134970762C406BE800D2CA14 = {
			isa = PBXGroup;
			children = (
				134970812C406BE800D2CA14 /* Whoah */,
				134970802C406BE800D2CA14 /* Products */,
			);
			sourceTree = "<group>";
		};
		134970802C406BE800D2CA14 /* Products */ = {
			isa = PBXGroup;
			children = (
				1349707F2C406BE800D2CA14 /* Whoah-Debug */,
			);
			name = Products;
			sourceTree = "<group>";
		};
		134970812C406BE800D2CA14 /* Whoah */ = {
			isa = PBXGroup;
			children = (
				13E26EC32C44EFCB00D1664A /* Headers */,
				134970822C406BE800D2CA14 /* main.cpp */,
				13E26EB62C44DB8900D1664A /* utility_functions.cpp */,
				13E26EB42C44DB0D00D1664A /* math_functions.cpp */,
				13253F702C4771DF004E16C9 /* math_utils.cpp */,
				13CDF9B02C49A36E00FF5311 /* math_tests.cpp */,
			);
			path = Whoah;
			sourceTree = "<group>";
		};
		13E26EC32C44EFCB00D1664A /* Headers */ = {
			isa = PBXGroup;
			children = (
				13E26EBE2C44EFB600D1664A /* main.hpp */,
				13E26EBF2C44EFB600D1664A /* math_functions.hpp */,
				13253F6F2C4771DF004E16C9 /* math_utils.hpp */,
				13CDF9AF2C49A36E00FF5311 /* math_tests.hpp */,
				13E26EC02C44EFB600D1664A /* utility_functions.hpp */,
			);
			path = Headers;
			sourceTree = "<group>";
		};
/* End PBXGroup section */

/* Begin PBXNativeTarget section */
		1349707E2C406BE800D2CA14 /* Whoah */ = {
			isa = PBXNativeTarget;
			buildConfigurationList = 134970862C406BE800D2CA14 /* Build configuration list for PBXNativeTarget "Whoah" */;
			buildPhases = (
				1349707B2C406BE800D2CA14 /* Sources */,
				1349707C2C406BE800D2CA14 /* Frameworks */,
				1349707D2C406BE800D2CA14 /* CopyFiles */,
			);
			buildRules = (
			);
			dependencies = (
			);
			name = Whoah;
			productName = Whoah;
			productReference = 1349707F2C406BE800D2CA14 /* Whoah-Debug */;
			productType = "com.apple.product-type.tool";
		};
/* End PBXNativeTarget section */

/* Begin PBXProject section */
		134970772C406BE800D2CA14 /* Project object */ = {
			isa = PBXProject;
			attributes = {
				BuildIndependentTargetsInParallel = 1;
				LastUpgradeCheck = 1600;
				TargetAttributes = {
					1349707E2C406BE800D2CA14 = {
						CreatedOnToolsVersion = 16.0;
					};
				};
			};
			buildConfigurationList = 1349707A2C406BE800D2CA14 /* Build configuration list for PBXProject "Whoah" */;
			compatibilityVersion = "Xcode 15.0";
			developmentRegion = en;
			hasScannedForEncodings = 0;
			knownRegions = (
				en,
				Base,
			);
			mainGroup = 134970762C406BE800D2CA14;
			productRefGroup = 134970802C406BE800D2CA14 /* Products */;
			projectDirPath = "";
			projectRoot = "";
			targets = (
				1349707E2C406BE800D2CA14 /* Whoah */,
			);
		};
/* End PBXProject section */

/* Begin PBXSourcesBuildPhase section */
		1349707B2C406BE800D2CA14 /* Sources */ = {
			isa = PBXSourcesBuildPhase;
			buildActionMask = 2147483647;
			files = (
				13CDF9B12C49A36E00FF5311 /* math_tests.cpp in Sources */,
				13E26EB72C44DB8900D1664A /* utility_functions.cpp in Sources */,
				13E26EC12C44EFB600D1664A /* utility_functions.hpp in Sources */,
				13E26EC22C44EFB600D1664A /* math_functions.hpp in Sources */,
				134970832C406BE800D2CA14 /* main.cpp in Sources */,
				13E26EB52C44DB0D00D1664A /* math_functions.cpp in Sources */,
				13253F712C4771DF004E16C9 /* math_utils.cpp in Sources */,
			);
			runOnlyForDeploymentPostprocessing = 0;
		};
/* End PBXSourcesBuildPhase section */

/* Begin XCBuildConfiguration section */
		134970842C406BE800D2CA14 /* Debug */ = {
			isa = XCBuildConfiguration;
			buildSettings = {
				ALWAYS_SEARCH_USER_PATHS = NO;
				ASSETCATALOG_COMPILER_GENERATE_SWIFT_ASSET_SYMBOL_EXTENSIONS = YES;
				CLANG_ANALYZER_NONNULL = YES;
				CLANG_ANALYZER_NUMBER_OBJECT_CONVERSION = YES_AGGRESSIVE;
				CLANG_CXX_LANGUAGE_STANDARD = "gnu++20";
				CLANG_ENABLE_MODULES = YES;
				CLANG_ENABLE_OBJC_ARC = YES;
				CLANG_ENABLE_OBJC_WEAK = YES;
				CLANG_WARN_BLOCK_CAPTURE_AUTORELEASING = YES;
				CLANG_WARN_BOOL_CONVERSION = YES;
				CLANG_WARN_COMMA = YES;
				CLANG_WARN_CONSTANT_CONVERSION = YES;
				CLANG_WARN_DEPRECATED_OBJC_IMPLEMENTATIONS = YES;
				CLANG_WARN_DIRECT_OBJC_ISA_USAGE = YES_ERROR;
				CLANG_WARN_DOCUMENTATION_COMMENTS = YES;
				CLANG_WARN_EMPTY_BODY = YES;
				CLANG_WARN_ENUM_CONVERSION = YES;
				CLANG_WARN_INFINITE_RECURSION = YES;
				CLANG_WARN_INT_CONVERSION = YES;
				CLANG_WARN_NON_LITERAL_NULL_CONVERSION = YES;
				CLANG_WARN_OBJC_IMPLICIT_RETAIN_SELF = YES;
				CLANG_WARN_OBJC_LITERAL_CONVERSION = YES;
				CLANG_WARN_OBJC_ROOT_CLASS = YES_ERROR;
				CLANG_WARN_QUOTED_INCLUDE_IN_FRAMEWORK_HEADER = YES;
				CLANG_WARN_RANGE_LOOP_ANALYSIS = YES;
				CLANG_WARN_STRICT_PROTOTYPES = YES;
				CLANG_WARN_SUSPICIOUS_MOVE = YES;
				CLANG_WARN_UNGUARDED_AVAILABILITY = YES_AGGRESSIVE;
				CLANG_WARN_UNREACHABLE_CODE = YES;
				CLANG_WARN__DUPLICATE_METHOD_MATCH = YES;
				COPY_PHASE_STRIP = NO;
				DEBUG_INFORMATION_FORMAT = dwarf;
				ENABLE_STRICT_OBJC_MSGSEND = YES;
				ENABLE_TESTABILITY = YES;
				ENABLE_USER_SCRIPT_SANDBOXING = YES;
				GCC_C_LANGUAGE_STANDARD = gnu17;
				GCC_DYNAMIC_NO_PIC = NO;
				GCC_NO_COMMON_BLOCKS = YES;
				GCC_OPTIMIZATION_LEVEL = 0;
				GCC_PREPROCESSOR_DEFINITIONS = (
					"DEBUG=1",
					"$(inherited)",
				);
				GCC_WARN_64_TO_32_BIT_CONVERSION = YES;
				GCC_WARN_ABOUT_RETURN_TYPE = YES_ERROR;
				GCC_WARN_UNDECLARED_SELECTOR = YES;
				GCC_WARN_UNINITIALIZED_AUTOS = YES_AGGRESSIVE;
				GCC_WARN_UNUSED_FUNCTION = YES;
				GCC_WARN_UNUSED_VARIABLE = YES;
				LOCALIZATION_PREFERS_STRING_CATALOGS = YES;
				MACOSX_DEPLOYMENT_TARGET = 11.0;
				MTL_ENABLE_DEBUG_INFO = INCLUDE_SOURCE;
				MTL_FAST_MATH = YES;
				ONLY_ACTIVE_ARCH = NO;
				SDKROOT = macosx;
			};
			name = Debug;
		};
		134970852C406BE800D2CA14 /* Release */ = {
			isa = XCBuildConfiguration;
			buildSettings = {
				ALWAYS_SEARCH_USER_PATHS = NO;
				ASSETCATALOG_COMPILER_GENERATE_SWIFT_ASSET_SYMBOL_EXTENSIONS = YES;
				CLANG_ANALYZER_NONNULL = YES;
				CLANG_ANALYZER_NUMBER_OBJECT_CONVERSION = YES_AGGRESSIVE;
				CLANG_CXX_LANGUAGE_STANDARD = "gnu++20";
				CLANG_ENABLE_MODULES = YES;
				CLANG_ENABLE_OBJC_ARC = YES;
				CLANG_ENABLE_OBJC_WEAK = YES;
				CLANG_WARN_BLOCK_CAPTURE_AUTORELEASING = YES;
				CLANG_WARN_BOOL_CONVERSION = YES;
				CLANG_WARN_COMMA = YES;
				CLANG_WARN_CONSTANT_CONVERSION = YES;
				CLANG_WARN_DEPRECATED_OBJC_IMPLEMENTATIONS = YES;
				CLANG_WARN_DIRECT_OBJC_ISA_USAGE = YES_ERROR;
				CLANG_WARN_DOCUMENTATION_COMMENTS = YES;
				CLANG_WARN_EMPTY_BODY = YES;
				CLANG_WARN_ENUM_CONVERSION = YES;
				CLANG_WARN_INFINITE_RECURSION = YES;
				CLANG_WARN_INT_CONVERSION = YES;
				CLANG_WARN_NON_LITERAL_NULL_CONVERSION = YES;
				CLANG_WARN_OBJC_IMPLICIT_RETAIN_SELF = YES;
				CLANG_WARN_OBJC_LITERAL_CONVERSION = YES;
				CLANG_WARN_OBJC_ROOT_CLASS = YES_ERROR;
				CLANG_WARN_QUOTED_INCLUDE_IN_FRAMEWORK_HEADER = YES;
				CLANG_WARN_RANGE_LOOP_ANALYSIS = YES;
				CLANG_WARN_STRICT_PROTOTYPES = YES;
				CLANG_WARN_SUSPICIOUS_MOVE = YES;
				CLANG_WARN_UNGUARDED_AVAILABILITY = YES_AGGRESSIVE;
				CLANG_WARN_UNREACHABLE_CODE = YES;
				CLANG_WARN__DUPLICATE_METHOD_MATCH = YES;
				COPY_PHASE_STRIP = NO;
				DEBUG_INFORMATION_FORMAT = "dwarf-with-dsym";
				ENABLE_NS_ASSERTIONS = NO;
				ENABLE_STRICT_OBJC_MSGSEND = YES;
				ENABLE_USER_SCRIPT_SANDBOXING = YES;
				GCC_C_LANGUAGE_STANDARD = gnu17;
				GCC_NO_COMMON_BLOCKS = YES;
				GCC_WARN_64_TO_32_BIT_CONVERSION = YES;
				GCC_WARN_ABOUT_RETURN_TYPE = YES_ERROR;
				GCC_WARN_UNDECLARED_SELECTOR = YES;
				GCC_WARN_UNINITIALIZED_AUTOS = YES_AGGRESSIVE;
				GCC_WARN_UNUSED_FUNCTION = YES;
				GCC_WARN_UNUSED_VARIABLE = YES;
				LOCALIZATION_PREFERS_STRING_CATALOGS = YES;
				MACOSX_DEPLOYMENT_TARGET = 11.0;
				MTL_ENABLE_DEBUG_INFO = NO;
				MTL_FAST_MATH = YES;
				SDKROOT = macosx;
			};
			name = Release;
		};
		134970872C406BE800D2CA14 /* Debug */ = {
			isa = XCBuildConfiguration;
			buildSettings = {
				CODE_SIGN_IDENTITY = "Apple Development: mrluuke@icloud.com (46T5CX7W86)";
				"CODE_SIGN_IDENTITY[sdk=macosx*]" = "-";
				CODE_SIGN_STYLE = Manual;
				DEVELOPMENT_TEAM = GS82KPR723;
				"DEVELOPMENT_TEAM[sdk=macosx*]" = "";
				ENABLE_HARDENED_RUNTIME = YES;
				MACOSX_DEPLOYMENT_TARGET = 11.0;
				"PRODUCT_BUNDLE_IDENTIFIER[sdk=macosx*]" = "com.Zyvoxi.Whoah-Math";
				PRODUCT_NAME = "$(TARGET_NAME)-Debug";
				PROVISIONING_PROFILE_SPECIFIER = "";
			};
			name = Debug;
		};
		134970882C406BE800D2CA14 /* Release */ = {
			isa = XCBuildConfiguration;
			buildSettings = {
				CODE_SIGN_IDENTITY = "Apple Development: mrluuke@icloud.com (46T5CX7W86)";
				"CODE_SIGN_IDENTITY[sdk=macosx*]" = "-";
				CODE_SIGN_STYLE = Manual;
				DEVELOPMENT_TEAM = GS82KPR723;
				"DEVELOPMENT_TEAM[sdk=macosx*]" = "";
				ENABLE_HARDENED_RUNTIME = YES;
				MACOSX_DEPLOYMENT_TARGET = 11.0;
				MTL_ENABLE_DEBUG_INFO = NO;
				"PRODUCT_BUNDLE_IDENTIFIER[sdk=macosx*]" = "com.Zyvoxi.Whoah-Math";
				PRODUCT_NAME = "$(TARGET_NAME)-Math";
				PROVISIONING_PROFILE_SPECIFIER = "";
			};
			name = Release;
		};
/* End XCBuildConfiguration section */

/* Begin XCConfigurationList section */
		1349707A2C406BE800D2CA14 /* Build configuration list for PBXProject "Whoah" */ = {
			isa = XCConfigurationList;
			buildConfigurations = (
				134970842C406BE800D2CA14 /* Debug */,
				134970852C406BE800D2CA14 /* Release */,
			);
			defaultConfigurationIsVisible = 0;
			defaultConfigurationName = Release;
		};
		134970862C406BE800D2CA14 /* Build configuration list for PBXNativeTarget "Whoah" */ = {
			isa = XCConfigurationList;
			buildConfigurations = (
				134970872C406BE800D2CA14 /* Debug */,
				134970882C406BE800D2CA14 /* Release */,
			);
			defaultConfigurationIsVisible = 0;
			defaultConfigurationName = Release;
		};
/* End XCConfigurationList section */
	};
	rootObject = 134970772C406BE800D2CA14 /* Project object */;
}
